
Microsoft Visual Studio Solution File, Format Version 12.00
# Visual Studio Version 17
VisualStudioVersion = 17.3.32901.215
MinimumVisualStudioVersion = 10.0.40219.1
Project("{FAE04EC0-301F-11D3-BF4B-00C04F79EFBC}") = "txm_tech", "txm_tech\txm_tech.csproj", "{E9107B4A-73ED-4956-BA9E-396BF8AEEFC3}"
EndProject
Global
	GlobalSection(SolutionConfigurationPlatforms) = preSolution
		Debug|Any CPU = Debug|Any CPU
		Release|Any CPU = Release|Any CPU
	EndGlobalSection
	GlobalSection(ProjectConfigurationPlatforms) = postSolution
		{E9107B4A-73ED-4956-BA9E-396BF8AEEFC3}.Debug|Any CPU.ActiveCfg = Debug|Any CPU
		{E9107B4A-73ED-4956-BA9E-396BF8AEEFC3}.Debug|Any CPU.Build.0 = Debug|Any CPU
		{E9107B4A-73ED-4956-BA9E-396BF8AEEFC3}.Release|Any CPU.ActiveCfg = Release|Any CPU
		{E9107B4A-73ED-4956-BA9E-396BF8AEEFC3}.Release|Any CPU.Build.0 = Release|Any CPU
	EndGlobalSection
	GlobalSection(SolutionProperties) = preSolution
		HideSolutionNode = FALSE
	EndGlobalSection
	GlobalSection(ExtensibilityGlobals) = postSolution
		SolutionGuid = {2462E8B5-A20E-4504-ABEF-3471E2A0C97F}
	EndGlobalSection
EndGlobal
